# This file is autogenerated, do not edit; changes may be undone by the next 'dep ensure'.


[[projects]]
  digest = "1:a3acdf42369a4e06500fa69d4c325da4237092509ee9c3586363b3b216e5620d"
  name = "github.com/BurntSushi/toml"
  packages = [
    ".",
    "cmd/tomlv",
  ]
  pruneopts = "UT"
  revision = "3012a1dbe2e4bd1391d42b32f0577cb7bbc7f005"
  version = "v0.3.1"

[solve-meta]
  analyzer-name = "dep"
  analyzer-version = 1
  input-imports = ["github.com/BurntSushi/toml/cmd/tomlv"]
  solver-name = "gps-cdcl"
  solver-version = 1
